{
  "name": "ajs-homework-3-2",
  "version": "1.0.0",
  "lockfileVersion": 1,
  "requires": true,
  "dependencies": {
    "@kote-nikolaus/ajs-homework-3": {
      "version": "1.0.1",
      "resolved": "https://npm.pkg.github.com/download/@kote-nikolaus/ajs-homework-3/1.0.1/fb22737672efbd2209bf0cc309db2c868be3d80044db343757c8c80192902f67",
      "integrity": "sha512-yGA4295OMqnsyFcY+G3SLIaU39NkQdndR6+srEe0kYbiz3P0f1JhSw+TPgIDIphGngrUGaVxwqIUO/1bUbS+mg=="
    }
  }
}
